// !$*UTF8*$!
{
	archiveVersion = 1;
	classes = {
	};
	objectVersion = 56;
	objects = {

/* Begin PBXBuildFile section */
		65AB1BF42AF0670100D33D3B /* AppDelegate.swift in Sources */ = {isa = PBXBuildFile; fileRef = 65AB1BF32AF0670100D33D3B /* AppDelegate.swift */; };
		65AB1BF62AF0670100D33D3B /* SceneDelegate.swift in Sources */ = {isa = PBXBuildFile; fileRef = 65AB1BF52AF0670100D33D3B /* SceneDelegate.swift */; };
		65AB1BF82AF0670100D33D3B /* ViewController.swift in Sources */ = {isa = PBXBuildFile; fileRef = 65AB1BF72AF0670100D33D3B /* ViewController.swift */; };
		65AB1BFB2AF0670100D33D3B /* Main.storyboard in Resources */ = {isa = PBXBuildFile; fileRef = 65AB1BF92AF0670100D33D3B /* Main.storyboard */; };
		65AB1BFD2AF0670200D33D3B /* Assets.xcassets in Resources */ = {isa = PBXBuildFile; fileRef = 65AB1BFC2AF0670200D33D3B /* Assets.xcassets */; };
		65AB1C002AF0670200D33D3B /* LaunchScreen.storyboard in Resources */ = {isa = PBXBuildFile; fileRef = 65AB1BFE2AF0670200D33D3B /* LaunchScreen.storyboard */; };
		65AB1C0B2AF0670200D33D3B /* VKWebSocketTestTests.swift in Sources */ = {isa = PBXBuildFile; fileRef = 65AB1C0A2AF0670200D33D3B /* VKWebSocketTestTests.swift */; };
		65AB1C152AF0670200D33D3B /* VKWebSocketTestUITests.swift in Sources */ = {isa = PBXBuildFile; fileRef = 65AB1C142AF0670200D33D3B /* VKWebSocketTestUITests.swift */; };
		65AB1C172AF0670200D33D3B /* VKWebSocketTestUITestsLaunchTests.swift in Sources */ = {isa = PBXBuildFile; fileRef = 65AB1C162AF0670200D33D3B /* VKWebSocketTestUITestsLaunchTests.swift */; };
		65AB1C242AF0675900D33D3B /* VKWebsocket.swift in Sources */ = {isa = PBXBuildFile; fileRef = 65AB1C232AF0675900D33D3B /* VKWebsocket.swift */; };
/* End PBXBuildFile section */

/* Begin PBXContainerItemProxy section */
		65AB1C072AF0670200D33D3B /* PBXContainerItemProxy */ = {
			isa = PBXContainerItemProxy;
			containerPortal = 65AB1BE82AF0670100D33D3B /* Project object */;
			proxyType = 1;
			remoteGlobalIDString = 65AB1BEF2AF0670100D33D3B;
			remoteInfo = VKWebSocketTest;
		};
		65AB1C112AF0670200D33D3B /* PBXContainerItemProxy */ = {
			isa = PBXContainerItemProxy;
			containerPortal = 65AB1BE82AF0670100D33D3B /* Project object */;
			proxyType = 1;
			remoteGlobalIDString = 65AB1BEF2AF0670100D33D3B;
			remoteInfo = VKWebSocketTest;
		};
/* End PBXContainerItemProxy section */

/* Begin PBXFileReference section */
		65AB1BF02AF0670100D33D3B /* VKWebSocketTest.app */ = {isa = PBXFileReference; explicitFileType = wrapper.application; includeInIndex = 0; path = VKWebSocketTest.app; sourceTree = BUILT_PRODUCTS_DIR; };
		65AB1BF32AF0670100D33D3B /* AppDelegate.swift */ = {isa = PBXFileReference; lastKnownFileType = sourcecode.swift; path = AppDelegate.swift; sourceTree = "<group>"; };
		65AB1BF52AF0670100D33D3B /* SceneDelegate.swift */ = {isa = PBXFileReference; lastKnownFileType = sourcecode.swift; path = SceneDelegate.swift; sourceTree = "<group>"; };
		65AB1BF72AF0670100D33D3B /* ViewController.swift */ = {isa = PBXFileReference; lastKnownFileType = sourcecode.swift; path = ViewController.swift; sourceTree = "<group>"; };
		65AB1BFA2AF0670100D33D3B /* Base */ = {isa = PBXFileReference; lastKnownFileType = file.storyboard; name = Base; path = Base.lproj/Main.storyboard; sourceTree = "<group>"; };
		65AB1BFC2AF0670200D33D3B /* Assets.xcassets */ = {isa = PBXFileReference; lastKnownFileType = folder.assetcatalog; path = Assets.xcassets; sourceTree = "<group>"; };
		65AB1BFF2AF0670200D33D3B /* Base */ = {isa = PBXFileReference; lastKnownFileType = file.storyboard; name = Base; path = Base.lproj/LaunchScreen.storyboard; sourceTree = "<group>"; };
		65AB1C012AF0670200D33D3B /* Info.plist */ = {isa = PBXFileReference; lastKnownFileType = text.plist.xml; path = Info.plist; sourceTree = "<group>"; };
		65AB1C062AF0670200D33D3B /* VKWebSocketTestTests.xctest */ = {isa = PBXFileReference; explicitFileType = wrapper.cfbundle; includeInIndex = 0; path = VKWebSocketTestTests.xctest; sourceTree = BUILT_PRODUCTS_DIR; };
		65AB1C0A2AF0670200D33D3B /* VKWebSocketTestTests.swift */ = {isa = PBXFileReference; lastKnownFileType = sourcecode.swift; path = VKWebSocketTestTests.swift; sourceTree = "<group>"; };
		65AB1C102AF0670200D33D3B /* VKWebSocketTestUITests.xctest */ = {isa = PBXFileReference; explicitFileType = wrapper.cfbundle; includeInIndex = 0; path = VKWebSocketTestUITests.xctest; sourceTree = BUILT_PRODUCTS_DIR; };
		65AB1C142AF0670200D33D3B /* VKWebSocketTestUITests.swift */ = {isa = PBXFileReference; lastKnownFileType = sourcecode.swift; path = VKWebSocketTestUITests.swift; sourceTree = "<group>"; };
		65AB1C162AF0670200D33D3B /* VKWebSocketTestUITestsLaunchTests.swift */ = {isa = PBXFileReference; lastKnownFileType = sourcecode.swift; path = VKWebSocketTestUITestsLaunchTests.swift; sourceTree = "<group>"; };
		65AB1C232AF0675900D33D3B /* VKWebsocket.swift */ = {isa = PBXFileReference; fileEncoding = 4; lastKnownFileType = sourcecode.swift; path = VKWebsocket.swift; sourceTree = "<group>"; };
/* End PBXFileReference section */

/* Begin PBXFrameworksBuildPhase section */
		65AB1BED2AF0670100D33D3B /* Frameworks */ = {
			isa = PBXFrameworksBuildPhase;
			buildActionMask = 2147483647;
			files = (
			);
			runOnlyForDeploymentPostprocessing = 0;
		};
		65AB1C032AF0670200D33D3B /* Frameworks */ = {
			isa = PBXFrameworksBuildPhase;
			buildActionMask = 2147483647;
			files = (
			);
			runOnlyForDeploymentPostprocessing = 0;
		};
		65AB1C0D2AF0670200D33D3B /* Frameworks */ = {
			isa = PBXFrameworksBuildPhase;
			buildActionMask = 2147483647;
			files = (
			);
			runOnlyForDeploymentPostprocessing = 0;
		};
/* End PBXFrameworksBuildPhase section */

/* Begin PBXGroup section */
		65AB1BE72AF0670100D33D3B = {
			isa = PBXGroup;
			children = (
				65AB1BF22AF0670100D33D3B /* VKWebSocketTest */,
				65AB1C092AF0670200D33D3B /* VKWebSocketTestTests */,
				65AB1C132AF0670200D33D3B /* VKWebSocketTestUITests */,
				65AB1BF12AF0670100D33D3B /* Products */,
			);
			sourceTree = "<group>";
		};
		65AB1BF12AF0670100D33D3B /* Products */ = {
			isa = PBXGroup;
			children = (
				65AB1BF02AF0670100D33D3B /* VKWebSocketTest.app */,
				65AB1C062AF0670200D33D3B /* VKWebSocketTestTests.xctest */,
				65AB1C102AF0670200D33D3B /* VKWebSocketTestUITests.xctest */,
			);
			name = Products;
			sourceTree = "<group>";
		};
		65AB1BF22AF0670100D33D3B /* VKWebSocketTest */ = {
			isa = PBXGroup;
			children = (
				65AB1BF32AF0670100D33D3B /* AppDelegate.swift */,
				65AB1BF52AF0670100D33D3B /* SceneDelegate.swift */,
				65AB1BF72AF0670100D33D3B /* ViewController.swift */,
				65AB1C232AF0675900D33D3B /* VKWebsocket.swift */,
				65AB1BF92AF0670100D33D3B /* Main.storyboard */,
				65AB1BFC2AF0670200D33D3B /* Assets.xcassets */,
				65AB1BFE2AF0670200D33D3B /* LaunchScreen.storyboard */,
				65AB1C012AF0670200D33D3B /* Info.plist */,
			);
			path = VKWebSocketTest;
			sourceTree = "<group>";
		};
		65AB1C092AF0670200D33D3B /* VKWebSocketTestTests */ = {
			isa = PBXGroup;
			children = (
				65AB1C0A2AF0670200D33D3B /* VKWebSocketTestTests.swift */,
			);
			path = VKWebSocketTestTests;
			sourceTree = "<group>";
		};
		65AB1C132AF0670200D33D3B /* VKWebSocketTestUITests */ = {
			isa = PBXGroup;
			children = (
				65AB1C142AF0670200D33D3B /* VKWebSocketTestUITests.swift */,
				65AB1C162AF0670200D33D3B /* VKWebSocketTestUITestsLaunchTests.swift */,
			);
			path = VKWebSocketTestUITests;
			sourceTree = "<group>";
		};
/* End PBXGroup section */

/* Begin PBXNativeTarget section */
		65AB1BEF2AF0670100D33D3B /* VKWebSocketTest */ = {
			isa = PBXNativeTarget;
			buildConfigurationList = 65AB1C1A2AF0670200D33D3B /* Build configuration list for PBXNativeTarget "VKWebSocketTest" */;
			buildPhases = (
				65AB1BEC2AF0670100D33D3B /* Sources */,
				65AB1BED2AF0670100D33D3B /* Frameworks */,
				65AB1BEE2AF0670100D33D3B /* Resources */,
			);
			buildRules = (
			);
			dependencies = (
			);
			name = VKWebSocketTest;
			productName = VKWebSocketTest;
			productReference = 65AB1BF02AF0670100D33D3B /* VKWebSocketTest.app */;
			productType = "com.apple.product-type.application";
		};
		65AB1C052AF0670200D33D3B /* VKWebSocketTestTests */ = {
			isa = PBXNativeTarget;
			buildConfigurationList = 65AB1C1D2AF0670200D33D3B /* Build configuration list for PBXNativeTarget "VKWebSocketTestTests" */;
			buildPhases = (
				65AB1C022AF0670200D33D3B /* Sources */,
				65AB1C032AF0670200D33D3B /* Frameworks */,
				65AB1C042AF0670200D33D3B /* Resources */,
			);
			buildRules = (
			);
			dependencies = (
				65AB1C082AF0670200D33D3B /* PBXTargetDependency */,
			);
			name = VKWebSocketTestTests;
			productName = VKWebSocketTestTests;
			productReference = 65AB1C062AF0670200D33D3B /* VKWebSocketTestTests.xctest */;
			productType = "com.apple.product-type.bundle.unit-test";
		};
		65AB1C0F2AF0670200D33D3B /* VKWebSocketTestUITests */ = {
			isa = PBXNativeTarget;
			buildConfigurationList = 65AB1C202AF0670200D33D3B /* Build configuration list for PBXNativeTarget "VKWebSocketTestUITests" */;
			buildPhases = (
				65AB1C0C2AF0670200D33D3B /* Sources */,
				65AB1C0D2AF0670200D33D3B /* Frameworks */,
				65AB1C0E2AF0670200D33D3B /* Resources */,
			);
			buildRules = (
			);
			dependencies = (
				65AB1C122AF0670200D33D3B /* PBXTargetDependency */,
			);
			name = VKWebSocketTestUITests;
			productName = VKWebSocketTestUITests;
			productReference = 65AB1C102AF0670200D33D3B /* VKWebSocketTestUITests.xctest */;
			productType = "com.apple.product-type.bundle.ui-testing";
		};
/* End PBXNativeTarget section */

/* Begin PBXProject section */
		65AB1BE82AF0670100D33D3B /* Project object */ = {
			isa = PBXProject;
			attributes = {
				BuildIndependentTargetsInParallel = 1;
				LastSwiftUpdateCheck = 1430;
				LastUpgradeCheck = 1430;
				TargetAttributes = {
					65AB1BEF2AF0670100D33D3B = {
						CreatedOnToolsVersion = 14.3.1;
					};
					65AB1C052AF0670200D33D3B = {
						CreatedOnToolsVersion = 14.3.1;
						TestTargetID = 65AB1BEF2AF0670100D33D3B;
					};
					65AB1C0F2AF0670200D33D3B = {
						CreatedOnToolsVersion = 14.3.1;
						TestTargetID = 65AB1BEF2AF0670100D33D3B;
					};
				};
			};
			buildConfigurationList = 65AB1BEB2AF0670100D33D3B /* Build configuration list for PBXProject "VKWebSocketTest" */;
			compatibilityVersion = "Xcode 14.0";
			developmentRegion = en;
			hasScannedForEncodings = 0;
			knownRegions = (
				en,
				Base,
			);
			mainGroup = 65AB1BE72AF0670100D33D3B;
			productRefGroup = 65AB1BF12AF0670100D33D3B /* Products */;
			projectDirPath = "";
			projectRoot = "";
			targets = (
				65AB1BEF2AF0670100D33D3B /* VKWebSocketTest */,
				65AB1C052AF0670200D33D3B /* VKWebSocketTestTests */,
				65AB1C0F2AF0670200D33D3B /* VKWebSocketTestUITests */,
			);
		};
/* End PBXProject section */

/* Begin PBXResourcesBuildPhase section */
		65AB1BEE2AF0670100D33D3B /* Resources */ = {
			isa = PBXResourcesBuildPhase;
			buildActionMask = 2147483647;
			files = (
				65AB1C002AF0670200D33D3B /* LaunchScreen.storyboard in Resources */,
				65AB1BFD2AF0670200D33D3B /* Assets.xcassets in Resources */,
				65AB1BFB2AF0670100D33D3B /* Main.storyboard in Resources */,
			);
			runOnlyForDeploymentPostprocessing = 0;
		};
		65AB1C042AF0670200D33D3B /* Resources */ = {
			isa = PBXResourcesBuildPhase;
			buildActionMask = 2147483647;
			files = (
			);
			runOnlyForDeploymentPostprocessing = 0;
		};
		65AB1C0E2AF0670200D33D3B /* Resources */ = {
			isa = PBXResourcesBuildPhase;
			buildActionMask = 2147483647;
			files = (
			);
			runOnlyForDeploymentPostprocessing = 0;
		};
/* End PBXResourcesBuildPhase section */

/* Begin PBXSourcesBuildPhase section */
		65AB1BEC2AF0670100D33D3B /* Sources */ = {
			isa = PBXSourcesBuildPhase;
			buildActionMask = 2147483647;
			files = (
				65AB1C242AF0675900D33D3B /* VKWebsocket.swift in Sources */,
				65AB1BF82AF0670100D33D3B /* ViewController.swift in Sources */,
				65AB1BF42AF0670100D33D3B /* AppDelegate.swift in Sources */,
				65AB1BF62AF0670100D33D3B /* SceneDelegate.swift in Sources */,
			);
			runOnlyForDeploymentPostprocessing = 0;
		};
		65AB1C022AF0670200D33D3B /* Sources */ = {
			isa = PBXSourcesBuildPhase;
			buildActionMask = 2147483647;
			files = (
				65AB1C0B2AF0670200D33D3B /* VKWebSocketTestTests.swift in Sources */,
			);
			runOnlyForDeploymentPostprocessing = 0;
		};
		65AB1C0C2AF0670200D33D3B /* Sources */ = {
			isa = PBXSourcesBuildPhase;
			buildActionMask = 2147483647;
			files = (
				65AB1C152AF0670200D33D3B /* VKWebSocketTestUITests.swift in Sources */,
				65AB1C172AF0670200D33D3B /* VKWebSocketTestUITestsLaunchTests.swift in Sources */,
			);
			runOnlyForDeploymentPostprocessing = 0;
		};
/* End PBXSourcesBuildPhase section */

/* Begin PBXTargetDependency section */
		65AB1C082AF0670200D33D3B /* PBXTargetDependency */ = {
			isa = PBXTargetDependency;
			target = 65AB1BEF2AF0670100D33D3B /* VKWebSocketTest */;
			targetProxy = 65AB1C072AF0670200D33D3B /* PBXContainerItemProxy */;
		};
		65AB1C122AF0670200D33D3B /* PBXTargetDependency */ = {
			isa = PBXTargetDependency;
			target = 65AB1BEF2AF0670100D33D3B /* VKWebSocketTest */;
			targetProxy = 65AB1C112AF0670200D33D3B /* PBXContainerItemProxy */;
		};
/* End PBXTargetDependency section */

/* Begin PBXVariantGroup section */
		65AB1BF92AF0670100D33D3B /* Main.storyboard */ = {
			isa = PBXVariantGroup;
			children = (
				65AB1BFA2AF0670100D33D3B /* Base */,
			);
			name = Main.storyboard;
			sourceTree = "<group>";
		};
		65AB1BFE2AF0670200D33D3B /* LaunchScreen.storyboard */ = {
			isa = PBXVariantGroup;
			children = (
				65AB1BFF2AF0670200D33D3B /* Base */,
			);
			name = LaunchScreen.storyboard;
			sourceTree = "<group>";
		};
/* End PBXVariantGroup section */

/* Begin XCBuildConfiguration section */
		65AB1C182AF0670200D33D3B /* Debug */ = {
			isa = XCBuildConfiguration;
			buildSettings = {
				ALWAYS_SEARCH_USER_PATHS = NO;
				CLANG_ANALYZER_NONNULL = YES;
				CLANG_ANALYZER_NUMBER_OBJECT_CONVERSION = YES_AGGRESSIVE;
				CLANG_CXX_LANGUAGE_STANDARD = "gnu++20";
				CLANG_ENABLE_MODULES = YES;
				CLANG_ENABLE_OBJC_ARC = YES;
				CLANG_ENABLE_OBJC_WEAK = YES;
				CLANG_WARN_BLOCK_CAPTURE_AUTORELEASING = YES;
				CLANG_WARN_BOOL_CONVERSION = YES;
				CLANG_WARN_COMMA = YES;
				CLANG_WARN_CONSTANT_CONVERSION = YES;
				CLANG_WARN_DEPRECATED_OBJC_IMPLEMENTATIONS = YES;
				CLANG_WARN_DIRECT_OBJC_ISA_USAGE = YES_ERROR;
				CLANG_WARN_DOCUMENTATION_COMMENTS = YES;
				CLANG_WARN_EMPTY_BODY = YES;
				CLANG_WARN_ENUM_CONVERSION = YES;
				CLANG_WARN_INFINITE_RECURSION = YES;
				CLANG_WARN_INT_CONVERSION = YES;
				CLANG_WARN_NON_LITERAL_NULL_CONVERSION = YES;
				CLANG_WARN_OBJC_IMPLICIT_RETAIN_SELF = YES;
				CLANG_WARN_OBJC_LITERAL_CONVERSION = YES;
				CLANG_WARN_OBJC_ROOT_CLASS = YES_ERROR;
				CLANG_WARN_QUOTED_INCLUDE_IN_FRAMEWORK_HEADER = YES;
				CLANG_WARN_RANGE_LOOP_ANALYSIS = YES;
				CLANG_WARN_STRICT_PROTOTYPES = YES;
				CLANG_WARN_SUSPICIOUS_MOVE = YES;
				CLANG_WARN_UNGUARDED_AVAILABILITY = YES_AGGRESSIVE;
				CLANG_WARN_UNREACHABLE_CODE = YES;
				CLANG_WARN__DUPLICATE_METHOD_MATCH = YES;
				COPY_PHASE_STRIP = NO;
				DEBUG_INFORMATION_FORMAT = dwarf;
				ENABLE_STRICT_OBJC_MSGSEND = YES;
				ENABLE_TESTABILITY = YES;
				GCC_C_LANGUAGE_STANDARD = gnu11;
				GCC_DYNAMIC_NO_PIC = NO;
				GCC_NO_COMMON_BLOCKS = YES;
				GCC_OPTIMIZATION_LEVEL = 0;
				GCC_PREPROCESSOR_DEFINITIONS = (
					"DEBUG=1",
					"$(inherited)",
				);
				GCC_WARN_64_TO_32_BIT_CONVERSION = YES;
				GCC_WARN_ABOUT_RETURN_TYPE = YES_ERROR;
				GCC_WARN_UNDECLARED_SELECTOR = YES;
				GCC_WARN_UNINITIALIZED_AUTOS = YES_AGGRESSIVE;
				GCC_WARN_UNUSED_FUNCTION = YES;
				GCC_WARN_UNUSED_VARIABLE = YES;
				IPHONEOS_DEPLOYMENT_TARGET = 16.4;
				MTL_ENABLE_DEBUG_INFO = INCLUDE_SOURCE;
				MTL_FAST_MATH = YES;
				ONLY_ACTIVE_ARCH = YES;
				SDKROOT = iphoneos;
				SWIFT_ACTIVE_COMPILATION_CONDITIONS = DEBUG;
				SWIFT_OPTIMIZATION_LEVEL = "-Onone";
			};
			name = Debug;
		};
		65AB1C192AF0670200D33D3B /* Release */ = {
			isa = XCBuildConfiguration;
			buildSettings = {
				ALWAYS_SEARCH_USER_PATHS = NO;
				CLANG_ANALYZER_NONNULL = YES;
				CLANG_ANALYZER_NUMBER_OBJECT_CONVERSION = YES_AGGRESSIVE;
				CLANG_CXX_LANGUAGE_STANDARD = "gnu++20";
				CLANG_ENABLE_MODULES = YES;
				CLANG_ENABLE_OBJC_ARC = YES;
				CLANG_ENABLE_OBJC_WEAK = YES;
				CLANG_WARN_BLOCK_CAPTURE_AUTORELEASING = YES;
				CLANG_WARN_BOOL_CONVERSION = YES;
				CLANG_WARN_COMMA = YES;
				CLANG_WARN_CONSTANT_CONVERSION = YES;
				CLANG_WARN_DEPRECATED_OBJC_IMPLEMENTATIONS = YES;
				CLANG_WARN_DIRECT_OBJC_ISA_USAGE = YES_ERROR;
				CLANG_WARN_DOCUMENTATION_COMMENTS = YES;
				CLANG_WARN_EMPTY_BODY = YES;
				CLANG_WARN_ENUM_CONVERSION = YES;
				CLANG_WARN_INFINITE_RECURSION = YES;
				CLANG_WARN_INT_CONVERSION = YES;
				CLANG_WARN_NON_LITERAL_NULL_CONVERSION = YES;
				CLANG_WARN_OBJC_IMPLICIT_RETAIN_SELF = YES;
				CLANG_WARN_OBJC_LITERAL_CONVERSION = YES;
				CLANG_WARN_OBJC_ROOT_CLASS = YES_ERROR;
				CLANG_WARN_QUOTED_INCLUDE_IN_FRAMEWORK_HEADER = YES;
				CLANG_WARN_RANGE_LOOP_ANALYSIS = YES;
				CLANG_WARN_STRICT_PROTOTYPES = YES;
				CLANG_WARN_SUSPICIOUS_MOVE = YES;
				CLANG_WARN_UNGUARDED_AVAILABILITY = YES_AGGRESSIVE;
				CLANG_WARN_UNREACHABLE_CODE = YES;
				CLANG_WARN__DUPLICATE_METHOD_MATCH = YES;
				COPY_PHASE_STRIP = NO;
				DEBUG_INFORMATION_FORMAT = "dwarf-with-dsym";
				ENABLE_NS_ASSERTIONS = NO;
				ENABLE_STRICT_OBJC_MSGSEND = YES;
				GCC_C_LANGUAGE_STANDARD = gnu11;
				GCC_NO_COMMON_BLOCKS = YES;
				GCC_WARN_64_TO_32_BIT_CONVERSION = YES;
				GCC_WARN_ABOUT_RETURN_TYPE = YES_ERROR;
				GCC_WARN_UNDECLARED_SELECTOR = YES;
				GCC_WARN_UNINITIALIZED_AUTOS = YES_AGGRESSIVE;
				GCC_WARN_UNUSED_FUNCTION = YES;
				GCC_WARN_UNUSED_VARIABLE = YES;
				IPHONEOS_DEPLOYMENT_TARGET = 16.4;
				MTL_ENABLE_DEBUG_INFO = NO;
				MTL_FAST_MATH = YES;
				SDKROOT = iphoneos;
				SWIFT_COMPILATION_MODE = wholemodule;
				SWIFT_OPTIMIZATION_LEVEL = "-O";
				VALIDATE_PRODUCT = YES;
			};
			name = Release;
		};
		65AB1C1B2AF0670200D33D3B /* Debug */ = {
			isa = XCBuildConfiguration;
			buildSettings = {
				ASSETCATALOG_COMPILER_APPICON_NAME = AppIcon;
				ASSETCATALOG_COMPILER_GLOBAL_ACCENT_COLOR_NAME = AccentColor;
				CODE_SIGN_STYLE = Automatic;
				CURRENT_PROJECT_VERSION = 1;
				DEVELOPMENT_TEAM = "";
				GENERATE_INFOPLIST_FILE = YES;
				INFOPLIST_FILE = VKWebSocketTest/Info.plist;
				INFOPLIST_KEY_UIApplicationSupportsIndirectInputEvents = YES;
				INFOPLIST_KEY_UILaunchStoryboardName = LaunchScreen;
				INFOPLIST_KEY_UIMainStoryboardFile = Main;
				INFOPLIST_KEY_UISupportedInterfaceOrientations_iPad = "UIInterfaceOrientationPortrait UIInterfaceOrientationPortraitUpsideDown UIInterfaceOrientationLandscapeLeft UIInterfaceOrientationLandscapeRight";
				INFOPLIST_KEY_UISupportedInterfaceOrientations_iPhone = "UIInterfaceOrientationPortrait UIInterfaceOrientationLandscapeLeft UIInterfaceOrientationLandscapeRight";
				LD_RUNPATH_SEARCH_PATHS = (
					"$(inherited)",
					"@executable_path/Frameworks",
				);
				MARKETING_VERSION = 1.0;
				PRODUCT_BUNDLE_IDENTIFIER = com.verkada.VKWebSocketTest;
				PRODUCT_NAME = "$(TARGET_NAME)";
				SWIFT_EMIT_LOC_STRINGS = YES;
				SWIFT_VERSION = 5.0;
				TARGETED_DEVICE_FAMILY = "1,2";
			};
			name = Debug;
		};
		65AB1C1C2AF0670200D33D3B /* Release */ = {
			isa = XCBuildConfiguration;
			buildSettings = {
				ASSETCATALOG_COMPILER_APPICON_NAME = AppIcon;
				ASSETCATALOG_COMPILER_GLOBAL_ACCENT_COLOR_NAME = AccentColor;
				CODE_SIGN_STYLE = Automatic;
				CURRENT_PROJECT_VERSION = 1;
				DEVELOPMENT_TEAM = "";
				GENERATE_INFOPLIST_FILE = YES;
				INFOPLIST_FILE = VKWebSocketTest/Info.plist;
				INFOPLIST_KEY_UIApplicationSupportsIndirectInputEvents = YES;
				INFOPLIST_KEY_UILaunchStoryboardName = LaunchScreen;
				INFOPLIST_KEY_UIMainStoryboardFile = Main;
				INFOPLIST_KEY_UISupportedInterfaceOrientations_iPad = "UIInterfaceOrientationPortrait UIInterfaceOrientationPortraitUpsideDown UIInterfaceOrientationLandscapeLeft UIInterfaceOrientationLandscapeRight";
				INFOPLIST_KEY_UISupportedInterfaceOrientations_iPhone = "UIInterfaceOrientationPortrait UIInterfaceOrientationLandscapeLeft UIInterfaceOrientationLandscapeRight";
				LD_RUNPATH_SEARCH_PATHS = (
					"$(inherited)",
					"@executable_path/Frameworks",
				);
				MARKETING_VERSION = 1.0;
				PRODUCT_BUNDLE_IDENTIFIER = com.verkada.VKWebSocketTest;
				PRODUCT_NAME = "$(TARGET_NAME)";
				SWIFT_EMIT_LOC_STRINGS = YES;
				SWIFT_VERSION = 5.0;
				TARGETED_DEVICE_FAMILY = "1,2";
			};
			name = Release;
		};
		65AB1C1E2AF0670200D33D3B /* Debug */ = {
			isa = XCBuildConfiguration;
			buildSettings = {
				ALWAYS_EMBED_SWIFT_STANDARD_LIBRARIES = YES;
				BUNDLE_LOADER = "$(TEST_HOST)";
				CODE_SIGN_STYLE = Automatic;
				CURRENT_PROJECT_VERSION = 1;
				GENERATE_INFOPLIST_FILE = YES;
				IPHONEOS_DEPLOYMENT_TARGET = 16.4;
				MARKETING_VERSION = 1.0;
				PRODUCT_BUNDLE_IDENTIFIER = com.verkada.VKWebSocketTestTests;
				PRODUCT_NAME = "$(TARGET_NAME)";
				SWIFT_EMIT_LOC_STRINGS = NO;
				SWIFT_VERSION = 5.0;
				TARGETED_DEVICE_FAMILY = "1,2";
				TEST_HOST = "$(BUILT_PRODUCTS_DIR)/VKWebSocketTest.app/$(BUNDLE_EXECUTABLE_FOLDER_PATH)/VKWebSocketTest";
			};
			name = Debug;
		};
		65AB1C1F2AF0670200D33D3B /* Release */ = {
			isa = XCBuildConfiguration;
			buildSettings = {
				ALWAYS_EMBED_SWIFT_STANDARD_LIBRARIES = YES;
				BUNDLE_LOADER = "$(TEST_HOST)";
				CODE_SIGN_STYLE = Automatic;
				CURRENT_PROJECT_VERSION = 1;
				GENERATE_INFOPLIST_FILE = YES;
				IPHONEOS_DEPLOYMENT_TARGET = 16.4;
				MARKETING_VERSION = 1.0;
				PRODUCT_BUNDLE_IDENTIFIER = com.verkada.VKWebSocketTestTests;
				PRODUCT_NAME = "$(TARGET_NAME)";
				SWIFT_EMIT_LOC_STRINGS = NO;
				SWIFT_VERSION = 5.0;
				TARGETED_DEVICE_FAMILY = "1,2";
				TEST_HOST = "$(BUILT_PRODUCTS_DIR)/VKWebSocketTest.app/$(BUNDLE_EXECUTABLE_FOLDER_PATH)/VKWebSocketTest";
			};
			name = Release;
		};
		65AB1C212AF0670200D33D3B /* Debug */ = {
			isa = XCBuildConfiguration;
			buildSettings = {
				ALWAYS_EMBED_SWIFT_STANDARD_LIBRARIES = YES;
				CODE_SIGN_STYLE = Automatic;
				CURRENT_PROJECT_VERSION = 1;
				GENERATE_INFOPLIST_FILE = YES;
				MARKETING_VERSION = 1.0;
				PRODUCT_BUNDLE_IDENTIFIER = com.verkada.VKWebSocketTestUITests;
				PRODUCT_NAME = "$(TARGET_NAME)";
				SWIFT_EMIT_LOC_STRINGS = NO;
				SWIFT_VERSION = 5.0;
				TARGETED_DEVICE_FAMILY = "1,2";
				TEST_TARGET_NAME = VKWebSocketTest;
			};
			name = Debug;
		};
		65AB1C222AF0670200D33D3B /* Release */ = {
			isa = XCBuildConfiguration;
			buildSettings = {
				ALWAYS_EMBED_SWIFT_STANDARD_LIBRARIES = YES;
				CODE_SIGN_STYLE = Automatic;
				CURRENT_PROJECT_VERSION = 1;
				GENERATE_INFOPLIST_FILE = YES;
				MARKETING_VERSION = 1.0;
				PRODUCT_BUNDLE_IDENTIFIER = com.verkada.VKWebSocketTestUITests;
				PRODUCT_NAME = "$(TARGET_NAME)";
				SWIFT_EMIT_LOC_STRINGS = NO;
				SWIFT_VERSION = 5.0;
				TARGETED_DEVICE_FAMILY = "1,2";
				TEST_TARGET_NAME = VKWebSocketTest;
			};
			name = Release;
		};
/* End XCBuildConfiguration section */

/* Begin XCConfigurationList section */
		65AB1BEB2AF0670100D33D3B /* Build configuration list for PBXProject "VKWebSocketTest" */ = {
			isa = XCConfigurationList;
			buildConfigurations = (
				65AB1C182AF0670200D33D3B /* Debug */,
				65AB1C192AF0670200D33D3B /* Release */,
			);
			defaultConfigurationIsVisible = 0;
			defaultConfigurationName = Release;
		};
		65AB1C1A2AF0670200D33D3B /* Build configuration list for PBXNativeTarget "VKWebSocketTest" */ = {
			isa = XCConfigurationList;
			buildConfigurations = (
				65AB1C1B2AF0670200D33D3B /* Debug */,
				65AB1C1C2AF0670200D33D3B /* Release */,
			);
			defaultConfigurationIsVisible = 0;
			defaultConfigurationName = Release;
		};
		65AB1C1D2AF0670200D33D3B /* Build configuration list for PBXNativeTarget "VKWebSocketTestTests" */ = {
			isa = XCConfigurationList;
			buildConfigurations = (
				65AB1C1E2AF0670200D33D3B /* Debug */,
				65AB1C1F2AF0670200D33D3B /* Release */,
			);
			defaultConfigurationIsVisible = 0;
			defaultConfigurationName = Release;
		};
		65AB1C202AF0670200D33D3B /* Build configuration list for PBXNativeTarget "VKWebSocketTestUITests" */ = {
			isa = XCConfigurationList;
			buildConfigurations = (
				65AB1C212AF0670200D33D3B /* Debug */,
				65AB1C222AF0670200D33D3B /* Release */,
			);
			defaultConfigurationIsVisible = 0;
			defaultConfigurationName = Release;
		};
/* End XCConfigurationList section */
	};
	rootObject = 65AB1BE82AF0670100D33D3B /* Project object */;
}
